
Microsoft Visual Studio Solution File, Format Version 12.00
# Visual Studio 14
VisualStudioVersion = 14.0.25123.0
MinimumVisualStudioVersion = 10.0.40219.1
Project("{FAE04EC0-301F-11D3-BF4B-00C04F79EFBC}") = "CloudMusicLib", "CloudMusicLib\CloudMusicLib.csproj", "{169FA6F4-B3E6-4FB2-A32A-0E5D7B4D2F57}"
EndProject
Project("{FAE04EC0-301F-11D3-BF4B-00C04F79EFBC}") = "Test", "Test\Test.csproj", "{547307AD-A7EE-484B-8927-B015AF73DD9F}"
EndProject
Project("{D954291E-2A0B-460D-934E-DC6B0785DB48}") = "CloudMusic.UWP.Shared", "CloudMusic.UWP.Shared\CloudMusic.UWP.Shared.shproj", "{B0F7E8FA-9CC4-4C45-A00A-B22867959075}"
EndProject
Project("{FAE04EC0-301F-11D3-BF4B-00C04F79EFBC}") = "CloudMusic.UWP", "CloudMusic.UWP\CloudMusic.UWP.csproj", "{82615A80-F677-46F3-A989-27CBB4BA1071}"
	ProjectSection(ProjectDependencies) = postProject
		{169FA6F4-B3E6-4FB2-A32A-0E5D7B4D2F57} = {169FA6F4-B3E6-4FB2-A32A-0E5D7B4D2F57}
	EndProjectSection
EndProject
Global
	GlobalSection(SharedMSBuildProjectFiles) = preSolution
		CloudMusic.UWP.Shared\CloudMusic.UWP.Shared.projitems*{b0f7e8fa-9cc4-4c45-a00a-b22867959075}*SharedItemsImports = 13
		CloudMusic.UWP.Shared\CloudMusic.UWP.Shared.projitems*{82615a80-f677-46f3-a989-27cbb4ba1071}*SharedItemsImports = 4
	EndGlobalSection
	GlobalSection(SolutionConfigurationPlatforms) = preSolution
		Debug|Any CPU = Debug|Any CPU
		Debug|ARM = Debug|ARM
		Debug|x64 = Debug|x64
		Debug|x86 = Debug|x86
		Release|Any CPU = Release|Any CPU
		Release|ARM = Release|ARM
		Release|x64 = Release|x64
		Release|x86 = Release|x86
	EndGlobalSection
	GlobalSection(ProjectConfigurationPlatforms) = postSolution
		{169FA6F4-B3E6-4FB2-A32A-0E5D7B4D2F57}.Debug|Any CPU.ActiveCfg = Debug|Any CPU
		{169FA6F4-B3E6-4FB2-A32A-0E5D7B4D2F57}.Debug|Any CPU.Build.0 = Debug|Any CPU
		{169FA6F4-B3E6-4FB2-A32A-0E5D7B4D2F57}.Debug|ARM.ActiveCfg = Debug|Any CPU
		{169FA6F4-B3E6-4FB2-A32A-0E5D7B4D2F57}.Debug|ARM.Build.0 = Debug|Any CPU
		{169FA6F4-B3E6-4FB2-A32A-0E5D7B4D2F57}.Debug|x64.ActiveCfg = Debug|Any CPU
		{169FA6F4-B3E6-4FB2-A32A-0E5D7B4D2F57}.Debug|x64.Build.0 = Debug|Any CPU
		{169FA6F4-B3E6-4FB2-A32A-0E5D7B4D2F57}.Debug|x86.ActiveCfg = Debug|Any CPU
		{169FA6F4-B3E6-4FB2-A32A-0E5D7B4D2F57}.Debug|x86.Build.0 = Debug|Any CPU
		{169FA6F4-B3E6-4FB2-A32A-0E5D7B4D2F57}.Release|Any CPU.ActiveCfg = Release|Any CPU
		{169FA6F4-B3E6-4FB2-A32A-0E5D7B4D2F57}.Release|Any CPU.Build.0 = Release|Any CPU
		{169FA6F4-B3E6-4FB2-A32A-0E5D7B4D2F57}.Release|ARM.ActiveCfg = Release|Any CPU
		{169FA6F4-B3E6-4FB2-A32A-0E5D7B4D2F57}.Release|ARM.Build.0 = Release|Any CPU
		{169FA6F4-B3E6-4FB2-A32A-0E5D7B4D2F57}.Release|x64.ActiveCfg = Release|Any CPU
		{169FA6F4-B3E6-4FB2-A32A-0E5D7B4D2F57}.Release|x64.Build.0 = Release|Any CPU
		{169FA6F4-B3E6-4FB2-A32A-0E5D7B4D2F57}.Release|x86.ActiveCfg = Release|Any CPU
		{169FA6F4-B3E6-4FB2-A32A-0E5D7B4D2F57}.Release|x86.Build.0 = Release|Any CPU
		{547307AD-A7EE-484B-8927-B015AF73DD9F}.Debug|Any CPU.ActiveCfg = Debug|Any CPU
		{547307AD-A7EE-484B-8927-B015AF73DD9F}.Debug|Any CPU.Build.0 = Debug|Any CPU
		{547307AD-A7EE-484B-8927-B015AF73DD9F}.Debug|ARM.ActiveCfg = Debug|Any CPU
		{547307AD-A7EE-484B-8927-B015AF73DD9F}.Debug|ARM.Build.0 = Debug|Any CPU
		{547307AD-A7EE-484B-8927-B015AF73DD9F}.Debug|x64.ActiveCfg = Debug|Any CPU
		{547307AD-A7EE-484B-8927-B015AF73DD9F}.Debug|x64.Build.0 = Debug|Any CPU
		{547307AD-A7EE-484B-8927-B015AF73DD9F}.Debug|x86.ActiveCfg = Debug|Any CPU
		{547307AD-A7EE-484B-8927-B015AF73DD9F}.Debug|x86.Build.0 = Debug|Any CPU
		{547307AD-A7EE-484B-8927-B015AF73DD9F}.Release|Any CPU.ActiveCfg = Release|Any CPU
		{547307AD-A7EE-484B-8927-B015AF73DD9F}.Release|Any CPU.Build.0 = Release|Any CPU
		{547307AD-A7EE-484B-8927-B015AF73DD9F}.Release|ARM.ActiveCfg = Release|Any CPU
		{547307AD-A7EE-484B-8927-B015AF73DD9F}.Release|ARM.Build.0 = Release|Any CPU
		{547307AD-A7EE-484B-8927-B015AF73DD9F}.Release|x64.ActiveCfg = Release|Any CPU
		{547307AD-A7EE-484B-8927-B015AF73DD9F}.Release|x64.Build.0 = Release|Any CPU
		{547307AD-A7EE-484B-8927-B015AF73DD9F}.Release|x86.ActiveCfg = Release|Any CPU
		{547307AD-A7EE-484B-8927-B015AF73DD9F}.Release|x86.Build.0 = Release|Any CPU
		{82615A80-F677-46F3-A989-27CBB4BA1071}.Debug|Any CPU.ActiveCfg = Debug|x86
		{82615A80-F677-46F3-A989-27CBB4BA1071}.Debug|ARM.ActiveCfg = Debug|ARM
		{82615A80-F677-46F3-A989-27CBB4BA1071}.Debug|ARM.Build.0 = Debug|ARM
		{82615A80-F677-46F3-A989-27CBB4BA1071}.Debug|ARM.Deploy.0 = Debug|ARM
		{82615A80-F677-46F3-A989-27CBB4BA1071}.Debug|x64.ActiveCfg = Debug|x64
		{82615A80-F677-46F3-A989-27CBB4BA1071}.Debug|x64.Build.0 = Debug|x64
		{82615A80-F677-46F3-A989-27CBB4BA1071}.Debug|x64.Deploy.0 = Debug|x64
		{82615A80-F677-46F3-A989-27CBB4BA1071}.Debug|x86.ActiveCfg = Debug|x86
		{82615A80-F677-46F3-A989-27CBB4BA1071}.Debug|x86.Build.0 = Debug|x86
		{82615A80-F677-46F3-A989-27CBB4BA1071}.Debug|x86.Deploy.0 = Debug|x86
		{82615A80-F677-46F3-A989-27CBB4BA1071}.Release|Any CPU.ActiveCfg = Release|x86
		{82615A80-F677-46F3-A989-27CBB4BA1071}.Release|ARM.ActiveCfg = Release|ARM
		{82615A80-F677-46F3-A989-27CBB4BA1071}.Release|ARM.Build.0 = Release|ARM
		{82615A80-F677-46F3-A989-27CBB4BA1071}.Release|ARM.Deploy.0 = Release|ARM
		{82615A80-F677-46F3-A989-27CBB4BA1071}.Release|x64.ActiveCfg = Release|x64
		{82615A80-F677-46F3-A989-27CBB4BA1071}.Release|x64.Build.0 = Release|x64
		{82615A80-F677-46F3-A989-27CBB4BA1071}.Release|x64.Deploy.0 = Release|x64
		{82615A80-F677-46F3-A989-27CBB4BA1071}.Release|x86.ActiveCfg = Release|x86
		{82615A80-F677-46F3-A989-27CBB4BA1071}.Release|x86.Build.0 = Release|x86
		{82615A80-F677-46F3-A989-27CBB4BA1071}.Release|x86.Deploy.0 = Release|x86
	EndGlobalSection
	GlobalSection(SolutionProperties) = preSolution
		HideSolutionNode = FALSE
	EndGlobalSection
EndGlobal
